
Microsoft Visual Studio Solution File, Format Version 12.00
# Visual Studio Version 17
VisualStudioVersion = 17.11.35312.102
MinimumVisualStudioVersion = 10.0.40219.1
Project("{FAE04EC0-301F-11D3-BF4B-00C04F79EFBC}") = "OgrenciKayit_ETF", "OgrenciKayit_ETF\OgrenciKayit_ETF.csproj", "{BF56C60A-527C-428F-B0F7-58A430ED9BB2}"
EndProject
Global
	GlobalSection(SolutionConfigurationPlatforms) = preSolution
		Debug|Any CPU = Debug|Any CPU
		Release|Any CPU = Release|Any CPU
	EndGlobalSection
	GlobalSection(ProjectConfigurationPlatforms) = postSolution
		{BF56C60A-527C-428F-B0F7-58A430ED9BB2}.Debug|Any CPU.ActiveCfg = Debug|Any CPU
		{BF56C60A-527C-428F-B0F7-58A430ED9BB2}.Debug|Any CPU.Build.0 = Debug|Any CPU
		{BF56C60A-527C-428F-B0F7-58A430ED9BB2}.Release|Any CPU.ActiveCfg = Release|Any CPU
		{BF56C60A-527C-428F-B0F7-58A430ED9BB2}.Release|Any CPU.Build.0 = Release|Any CPU
	EndGlobalSection
	GlobalSection(SolutionProperties) = preSolution
		HideSolutionNode = FALSE
	EndGlobalSection
	GlobalSection(ExtensibilityGlobals) = postSolution
		SolutionGuid = {1EA2FE87-CED5-4CF1-A65F-39023CB7D629}
	EndGlobalSection
EndGlobal
